
Microsoft Visual Studio Solution File, Format Version 12.00
Project("{FAE04EC0-301F-11D3-BF4B-00C04F79EFBC}") = "Student.Service", "Student.Service\Student.Service.csproj", "{415E5E99-93D7-4338-B7C6-B9BFA050EF53}"
EndProject
Global
	GlobalSection(SolutionConfigurationPlatforms) = preSolution
		Debug|Any CPU = Debug|Any CPU
		Release|Any CPU = Release|Any CPU
	EndGlobalSection
	GlobalSection(ProjectConfigurationPlatforms) = postSolution
		{415E5E99-93D7-4338-B7C6-B9BFA050EF53}.Debug|Any CPU.ActiveCfg = Debug|Any CPU
		{415E5E99-93D7-4338-B7C6-B9BFA050EF53}.Debug|Any CPU.Build.0 = Debug|Any CPU
		{415E5E99-93D7-4338-B7C6-B9BFA050EF53}.Release|Any CPU.ActiveCfg = Release|Any CPU
		{415E5E99-93D7-4338-B7C6-B9BFA050EF53}.Release|Any CPU.Build.0 = Release|Any CPU
	EndGlobalSection
EndGlobal
